
Microsoft Visual Studio Solution File, Format Version 12.00
# Visual Studio Version 16
VisualStudioVersion = 16.0.30804.86
MinimumVisualStudioVersion = 10.0.40219.1
Project("{FAE04EC0-301F-11D3-BF4B-00C04F79EFBC}") = "DISPLAY SELECTION SORT", "DISPLAY SELECTION SORT\DISPLAY SELECTION SORT.csproj", "{91049B2B-A796-4B93-8354-18ED1C54D8F0}"
EndProject
Global
	GlobalSection(SolutionConfigurationPlatforms) = preSolution
		Debug|Any CPU = Debug|Any CPU
		Release|Any CPU = Release|Any CPU
	EndGlobalSection
	GlobalSection(ProjectConfigurationPlatforms) = postSolution
		{91049B2B-A796-4B93-8354-18ED1C54D8F0}.Debug|Any CPU.ActiveCfg = Debug|Any CPU
		{91049B2B-A796-4B93-8354-18ED1C54D8F0}.Debug|Any CPU.Build.0 = Debug|Any CPU
		{91049B2B-A796-4B93-8354-18ED1C54D8F0}.Release|Any CPU.ActiveCfg = Release|Any CPU
		{91049B2B-A796-4B93-8354-18ED1C54D8F0}.Release|Any CPU.Build.0 = Release|Any CPU
	EndGlobalSection
	GlobalSection(SolutionProperties) = preSolution
		HideSolutionNode = FALSE
	EndGlobalSection
	GlobalSection(ExtensibilityGlobals) = postSolution
		SolutionGuid = {6FF9819F-9372-4346-9194-D770C3E849E0}
	EndGlobalSection
EndGlobal
